
Microsoft Visual Studio Solution File, Format Version 12.00
# Visual Studio Version 16
VisualStudioVersion = 16.0.28917.181
MinimumVisualStudioVersion = 10.0.40219.1
Project("{FAE04EC0-301F-11D3-BF4B-00C04F79EFBC}") = "Fitness.BL", "Fitness.BL\Fitness.BL.csproj", "{FB34CAC6-E1A8-478A-B2F7-183E4542A4AB}"
EndProject
Project("{FAE04EC0-301F-11D3-BF4B-00C04F79EFBC}") = "Fitness.CMD", "Fitness.CMD\Fitness.CMD.csproj", "{8FC81304-FA6B-4B4A-A458-873558E90DA1}"
EndProject
Project("{FAE04EC0-301F-11D3-BF4B-00C04F79EFBC}") = "Fitness.BLTests", "Fitness.BLTests\Fitness.BLTests.csproj", "{FCDED472-BBF2-4AD3-BE82-CE0F3E6F7C7F}"
EndProject
Global
	GlobalSection(SolutionConfigurationPlatforms) = preSolution
		Debug|Any CPU = Debug|Any CPU
		Release|Any CPU = Release|Any CPU
	EndGlobalSection
	GlobalSection(ProjectConfigurationPlatforms) = postSolution
		{FB34CAC6-E1A8-478A-B2F7-183E4542A4AB}.Debug|Any CPU.ActiveCfg = Debug|Any CPU
		{FB34CAC6-E1A8-478A-B2F7-183E4542A4AB}.Debug|Any CPU.Build.0 = Debug|Any CPU
		{FB34CAC6-E1A8-478A-B2F7-183E4542A4AB}.Release|Any CPU.ActiveCfg = Release|Any CPU
		{FB34CAC6-E1A8-478A-B2F7-183E4542A4AB}.Release|Any CPU.Build.0 = Release|Any CPU
		{8FC81304-FA6B-4B4A-A458-873558E90DA1}.Debug|Any CPU.ActiveCfg = Debug|Any CPU
		{8FC81304-FA6B-4B4A-A458-873558E90DA1}.Debug|Any CPU.Build.0 = Debug|Any CPU
		{8FC81304-FA6B-4B4A-A458-873558E90DA1}.Release|Any CPU.ActiveCfg = Release|Any CPU
		{8FC81304-FA6B-4B4A-A458-873558E90DA1}.Release|Any CPU.Build.0 = Release|Any CPU
		{FCDED472-BBF2-4AD3-BE82-CE0F3E6F7C7F}.Debug|Any CPU.ActiveCfg = Debug|Any CPU
		{FCDED472-BBF2-4AD3-BE82-CE0F3E6F7C7F}.Debug|Any CPU.Build.0 = Debug|Any CPU
		{FCDED472-BBF2-4AD3-BE82-CE0F3E6F7C7F}.Release|Any CPU.ActiveCfg = Release|Any CPU
		{FCDED472-BBF2-4AD3-BE82-CE0F3E6F7C7F}.Release|Any CPU.Build.0 = Release|Any CPU
	EndGlobalSection
	GlobalSection(SolutionProperties) = preSolution
		HideSolutionNode = FALSE
	EndGlobalSection
	GlobalSection(ExtensibilityGlobals) = postSolution
		SolutionGuid = {62867E98-90E0-44A9-876E-6CF6F81085A3}
	EndGlobalSection
EndGlobal
